
Microsoft Visual Studio Solution File, Format Version 12.00
# Visual Studio Version 16
VisualStudioVersion = 16.0.30309.148
MinimumVisualStudioVersion = 10.0.40219.1
Project("{FAE04EC0-301F-11D3-BF4B-00C04F79EFBC}") = "Thread", "Thread.csproj", "{13065EA5-B57A-4C78-9536-77A085DD169A}"
EndProject
Global
	GlobalSection(SolutionConfigurationPlatforms) = preSolution
		Debug|Any CPU = Debug|Any CPU
		Release|Any CPU = Release|Any CPU
	EndGlobalSection
	GlobalSection(ProjectConfigurationPlatforms) = postSolution
		{13065EA5-B57A-4C78-9536-77A085DD169A}.Debug|Any CPU.ActiveCfg = Debug|Any CPU
		{13065EA5-B57A-4C78-9536-77A085DD169A}.Debug|Any CPU.Build.0 = Debug|Any CPU
		{13065EA5-B57A-4C78-9536-77A085DD169A}.Release|Any CPU.ActiveCfg = Release|Any CPU
		{13065EA5-B57A-4C78-9536-77A085DD169A}.Release|Any CPU.Build.0 = Release|Any CPU
	EndGlobalSection
	GlobalSection(SolutionProperties) = preSolution
		HideSolutionNode = FALSE
	EndGlobalSection
	GlobalSection(ExtensibilityGlobals) = postSolution
		SolutionGuid = {05959C29-2144-44E9-A538-F8484B3D0CA2}
	EndGlobalSection
EndGlobal
